
Microsoft Visual Studio Solution File, Format Version 12.00
# Visual Studio Version 17
VisualStudioVersion = 17.9.34622.214
MinimumVisualStudioVersion = 10.0.40219.1
Project("{9A19103F-16F7-4668-BE54-9A1E7A4F7556}") = "RestaurantViolations", "RestaurantViolations\RestaurantViolations.csproj", "{D5A7C0B0-3680-4478-B338-D73029E08684}"
EndProject
Project("{9A19103F-16F7-4668-BE54-9A1E7A4F7556}") = "RestaurantViolationsPrediction_API", "RestaurantViolationsPrediction_API\RestaurantViolationsPrediction_API.csproj", "{1E27A1A7-8493-44E9-A14B-3CCE2E51306D}"
EndProject
Global
	GlobalSection(SolutionConfigurationPlatforms) = preSolution
		Debug|Any CPU = Debug|Any CPU
		Release|Any CPU = Release|Any CPU
	EndGlobalSection
	GlobalSection(ProjectConfigurationPlatforms) = postSolution
		{D5A7C0B0-3680-4478-B338-D73029E08684}.Debug|Any CPU.ActiveCfg = Debug|Any CPU
		{D5A7C0B0-3680-4478-B338-D73029E08684}.Debug|Any CPU.Build.0 = Debug|Any CPU
		{D5A7C0B0-3680-4478-B338-D73029E08684}.Release|Any CPU.ActiveCfg = Release|Any CPU
		{D5A7C0B0-3680-4478-B338-D73029E08684}.Release|Any CPU.Build.0 = Release|Any CPU
		{1E27A1A7-8493-44E9-A14B-3CCE2E51306D}.Debug|Any CPU.ActiveCfg = Debug|Any CPU
		{1E27A1A7-8493-44E9-A14B-3CCE2E51306D}.Debug|Any CPU.Build.0 = Debug|Any CPU
		{1E27A1A7-8493-44E9-A14B-3CCE2E51306D}.Release|Any CPU.ActiveCfg = Release|Any CPU
		{1E27A1A7-8493-44E9-A14B-3CCE2E51306D}.Release|Any CPU.Build.0 = Release|Any CPU
	EndGlobalSection
	GlobalSection(SolutionProperties) = preSolution
		HideSolutionNode = FALSE
	EndGlobalSection
	GlobalSection(ExtensibilityGlobals) = postSolution
		SolutionGuid = {E606F36A-863F-4BFA-9600-B7CFBF40861A}
	EndGlobalSection
EndGlobal
